// !$*UTF8*$!
{
	archiveVersion = 1;
	classes = {
	};
	objectVersion = 45;
	objects = {

/* Begin PBXBuildFile section */
		1D3623260D0F684500981E51 /* InvasionInsanityAppDelegate.m in Sources */ = {isa = PBXBuildFile; fileRef = 1D3623250D0F684500981E51 /* InvasionInsanityAppDelegate.m */; };
		1D60589B0D05DD56006BFB54 /* main.m in Sources */ = {isa = PBXBuildFile; fileRef = 29B97316FDCFA39411CA2CEA /* main.m */; };
		1D60589F0D05DD5A006BFB54 /* Foundation.framework in Frameworks */ = {isa = PBXBuildFile; fileRef = 1D30AB110D05D00D00671497 /* Foundation.framework */; };
		1DF5F4E00D08C38300B7A737 /* UIKit.framework in Frameworks */ = {isa = PBXBuildFile; fileRef = 1DF5F4DF0D08C38300B7A737 /* UIKit.framework */; };
		288765FD0DF74451002DB57D /* CoreGraphics.framework in Frameworks */ = {isa = PBXBuildFile; fileRef = 288765FC0DF74451002DB57D /* CoreGraphics.framework */; };
		28AD733F0D9D9553002E5188 /* MainWindow.xib in Resources */ = {isa = PBXBuildFile; fileRef = 28AD733E0D9D9553002E5188 /* MainWindow.xib */; };
		5D007A5010EC3E0E0056A16F /* Map.m in Sources */ = {isa = PBXBuildFile; fileRef = 5D007A4F10EC3E0E0056A16F /* Map.m */; };
		5D007B0310EC50F90056A16F /* GamePiece.m in Sources */ = {isa = PBXBuildFile; fileRef = 5D007B0210EC50F90056A16F /* GamePiece.m */; };
		5D2B45EF1094804F002838BC /* MenuViewController.m in Sources */ = {isa = PBXBuildFile; fileRef = 5D2B45EE1094804F002838BC /* MenuViewController.m */; };
		5D2B464110957290002838BC /* MenuView.xib in Resources */ = {isa = PBXBuildFile; fileRef = 5D2B464010957290002838BC /* MenuView.xib */; };
		5D658ED110E315E600CCFDF9 /* QuartzCore.framework in Frameworks */ = {isa = PBXBuildFile; fileRef = 5D658ED010E315E600CCFDF9 /* QuartzCore.framework */; };
		5D65904110E34DF300CCFDF9 /* hexes.png in Resources */ = {isa = PBXBuildFile; fileRef = 5D65904010E34DF300CCFDF9 /* hexes.png */; };
		5D9499CC10982D6E002FED92 /* GameOverViewController.m in Sources */ = {isa = PBXBuildFile; fileRef = 5D9499CA10982D6E002FED92 /* GameOverViewController.m */; };
		5D9499CD10982D6E002FED92 /* GameOverView.xib in Resources */ = {isa = PBXBuildFile; fileRef = 5D9499CB10982D6E002FED92 /* GameOverView.xib */; };
		5DF17F691096CA3E001F48D7 /* GameViewController.m in Sources */ = {isa = PBXBuildFile; fileRef = 5DF17F681096CA3E001F48D7 /* GameViewController.m */; };
		5DF17F771096CA97001F48D7 /* GameView.m in Sources */ = {isa = PBXBuildFile; fileRef = 5DF17F761096CA97001F48D7 /* GameView.m */; };
		5DF17F7B1096CDE0001F48D7 /* player.png in Resources */ = {isa = PBXBuildFile; fileRef = 5DF17F7A1096CDE0001F48D7 /* player.png */; };
/* End PBXBuildFile section */

/* Begin PBXFileReference section */
		1D30AB110D05D00D00671497 /* Foundation.framework */ = {isa = PBXFileReference; lastKnownFileType = wrapper.framework; name = Foundation.framework; path = System/Library/Frameworks/Foundation.framework; sourceTree = SDKROOT; };
		1D3623240D0F684500981E51 /* InvasionInsanityAppDelegate.h */ = {isa = PBXFileReference; fileEncoding = 4; lastKnownFileType = sourcecode.c.h; path = InvasionInsanityAppDelegate.h; sourceTree = "<group>"; };
		1D3623250D0F684500981E51 /* InvasionInsanityAppDelegate.m */ = {isa = PBXFileReference; fileEncoding = 4; lastKnownFileType = sourcecode.c.objc; path = InvasionInsanityAppDelegate.m; sourceTree = "<group>"; };
		1D6058910D05DD3D006BFB54 /* InvasionInsanity.app */ = {isa = PBXFileReference; explicitFileType = wrapper.application; includeInIndex = 0; path = InvasionInsanity.app; sourceTree = BUILT_PRODUCTS_DIR; };
		1DF5F4DF0D08C38300B7A737 /* UIKit.framework */ = {isa = PBXFileReference; lastKnownFileType = wrapper.framework; name = UIKit.framework; path = System/Library/Frameworks/UIKit.framework; sourceTree = SDKROOT; };
		288765FC0DF74451002DB57D /* CoreGraphics.framework */ = {isa = PBXFileReference; lastKnownFileType = wrapper.framework; name = CoreGraphics.framework; path = System/Library/Frameworks/CoreGraphics.framework; sourceTree = SDKROOT; };
		28AD733E0D9D9553002E5188 /* MainWindow.xib */ = {isa = PBXFileReference; lastKnownFileType = file.xib; path = MainWindow.xib; sourceTree = "<group>"; };
		29B97316FDCFA39411CA2CEA /* main.m */ = {isa = PBXFileReference; fileEncoding = 4; lastKnownFileType = sourcecode.c.objc; path = main.m; sourceTree = "<group>"; };
		32CA4F630368D1EE00C91783 /* InvasionInsanity_Prefix.pch */ = {isa = PBXFileReference; fileEncoding = 4; lastKnownFileType = sourcecode.c.h; path = InvasionInsanity_Prefix.pch; sourceTree = "<group>"; };
		5D007A4E10EC3E0E0056A16F /* Map.h */ = {isa = PBXFileReference; fileEncoding = 4; lastKnownFileType = sourcecode.c.h; path = Map.h; sourceTree = "<group>"; };
		5D007A4F10EC3E0E0056A16F /* Map.m */ = {isa = PBXFileReference; fileEncoding = 4; lastKnownFileType = sourcecode.c.objc; path = Map.m; sourceTree = "<group>"; };
		5D007B0110EC50F90056A16F /* GamePiece.h */ = {isa = PBXFileReference; fileEncoding = 4; lastKnownFileType = sourcecode.c.h; path = GamePiece.h; sourceTree = "<group>"; };
		5D007B0210EC50F90056A16F /* GamePiece.m */ = {isa = PBXFileReference; fileEncoding = 4; lastKnownFileType = sourcecode.c.objc; path = GamePiece.m; sourceTree = "<group>"; };
		5D2B45ED1094804F002838BC /* MenuViewController.h */ = {isa = PBXFileReference; fileEncoding = 4; lastKnownFileType = sourcecode.c.h; path = MenuViewController.h; sourceTree = "<group>"; };
		5D2B45EE1094804F002838BC /* MenuViewController.m */ = {isa = PBXFileReference; fileEncoding = 4; lastKnownFileType = sourcecode.c.objc; path = MenuViewController.m; sourceTree = "<group>"; };
		5D2B464010957290002838BC /* MenuView.xib */ = {isa = PBXFileReference; lastKnownFileType = file.xib; path = MenuView.xib; sourceTree = "<group>"; };
		5D658ED010E315E600CCFDF9 /* QuartzCore.framework */ = {isa = PBXFileReference; lastKnownFileType = wrapper.framework; name = QuartzCore.framework; path = System/Library/Frameworks/QuartzCore.framework; sourceTree = SDKROOT; };
		5D65904010E34DF300CCFDF9 /* hexes.png */ = {isa = PBXFileReference; lastKnownFileType = image.png; name = hexes.png; path = Images/hexes.png; sourceTree = "<group>"; };
		5D9499C910982D6E002FED92 /* GameOverViewController.h */ = {isa = PBXFileReference; fileEncoding = 4; lastKnownFileType = sourcecode.c.h; path = GameOverViewController.h; sourceTree = "<group>"; };
		5D9499CA10982D6E002FED92 /* GameOverViewController.m */ = {isa = PBXFileReference; fileEncoding = 4; lastKnownFileType = sourcecode.c.objc; path = GameOverViewController.m; sourceTree = "<group>"; };
		5D9499CB10982D6E002FED92 /* GameOverView.xib */ = {isa = PBXFileReference; lastKnownFileType = file.xib; name = GameOverView.xib; path = Classes/GameOverView.xib; sourceTree = "<group>"; };
		5DF17F671096CA3E001F48D7 /* GameViewController.h */ = {isa = PBXFileReference; fileEncoding = 4; lastKnownFileType = sourcecode.c.h; path = GameViewController.h; sourceTree = "<group>"; };
		5DF17F681096CA3E001F48D7 /* GameViewController.m */ = {isa = PBXFileReference; fileEncoding = 4; lastKnownFileType = sourcecode.c.objc; path = GameViewController.m; sourceTree = "<group>"; };
		5DF17F751096CA97001F48D7 /* GameView.h */ = {isa = PBXFileReference; fileEncoding = 4; lastKnownFileType = sourcecode.c.h; path = GameView.h; sourceTree = "<group>"; };
		5DF17F761096CA97001F48D7 /* GameView.m */ = {isa = PBXFileReference; fileEncoding = 4; lastKnownFileType = sourcecode.c.objc; path = GameView.m; sourceTree = "<group>"; };
		5DF17F7A1096CDE0001F48D7 /* player.png */ = {isa = PBXFileReference; lastKnownFileType = image.png; name = player.png; path = Images/player.png; sourceTree = "<group>"; };
		8D1107310486CEB800E47090 /* InvasionInsanity-Info.plist */ = {isa = PBXFileReference; fileEncoding = 4; lastKnownFileType = text.plist.xml; path = "InvasionInsanity-Info.plist"; plistStructureDefinitionIdentifier = "com.apple.xcode.plist.structure-definition.iphone.info-plist"; sourceTree = "<group>"; };
/* End PBXFileReference section */

/* Begin PBXFrameworksBuildPhase section */
		1D60588F0D05DD3D006BFB54 /* Frameworks */ = {
			isa = PBXFrameworksBuildPhase;
			buildActionMask = 2147483647;
			files = (
				1D60589F0D05DD5A006BFB54 /* Foundation.framework in Frameworks */,
				1DF5F4E00D08C38300B7A737 /* UIKit.framework in Frameworks */,
				288765FD0DF74451002DB57D /* CoreGraphics.framework in Frameworks */,
				5D658ED110E315E600CCFDF9 /* QuartzCore.framework in Frameworks */,
			);
			runOnlyForDeploymentPostprocessing = 0;
		};
/* End PBXFrameworksBuildPhase section */

/* Begin PBXGroup section */
		080E96DDFE201D6D7F000001 /* Classes */ = {
			isa = PBXGroup;
			children = (
				5D007A4E10EC3E0E0056A16F /* Map.h */,
				5D007B0110EC50F90056A16F /* GamePiece.h */,
				5D007B0210EC50F90056A16F /* GamePiece.m */,
				5D007A4F10EC3E0E0056A16F /* Map.m */,
				1D3623240D0F684500981E51 /* InvasionInsanityAppDelegate.h */,
				1D3623250D0F684500981E51 /* InvasionInsanityAppDelegate.m */,
				5D2B45ED1094804F002838BC /* MenuViewController.h */,
				5D2B45EE1094804F002838BC /* MenuViewController.m */,
				5DF17F671096CA3E001F48D7 /* GameViewController.h */,
				5DF17F681096CA3E001F48D7 /* GameViewController.m */,
				5DF17F751096CA97001F48D7 /* GameView.h */,
				5DF17F761096CA97001F48D7 /* GameView.m */,
				5D9499C910982D6E002FED92 /* GameOverViewController.h */,
				5D9499CA10982D6E002FED92 /* GameOverViewController.m */,
			);
			path = Classes;
			sourceTree = "<group>";
		};
		19C28FACFE9D520D11CA2CBB /* Products */ = {
			isa = PBXGroup;
			children = (
				1D6058910D05DD3D006BFB54 /* InvasionInsanity.app */,
			);
			name = Products;
			sourceTree = "<group>";
		};
		29B97314FDCFA39411CA2CEA /* CustomTemplate */ = {
			isa = PBXGroup;
			children = (
				080E96DDFE201D6D7F000001 /* Classes */,
				29B97315FDCFA39411CA2CEA /* Other Sources */,
				29B97317FDCFA39411CA2CEA /* Resources */,
				29B97323FDCFA39411CA2CEA /* Frameworks */,
				19C28FACFE9D520D11CA2CBB /* Products */,
			);
			name = CustomTemplate;
			sourceTree = "<group>";
		};
		29B97315FDCFA39411CA2CEA /* Other Sources */ = {
			isa = PBXGroup;
			children = (
				32CA4F630368D1EE00C91783 /* InvasionInsanity_Prefix.pch */,
				29B97316FDCFA39411CA2CEA /* main.m */,
			);
			name = "Other Sources";
			sourceTree = "<group>";
		};
		29B97317FDCFA39411CA2CEA /* Resources */ = {
			isa = PBXGroup;
			children = (
				5D65904010E34DF300CCFDF9 /* hexes.png */,
				5D9499CB10982D6E002FED92 /* GameOverView.xib */,
				5DF17F7A1096CDE0001F48D7 /* player.png */,
				28AD733E0D9D9553002E5188 /* MainWindow.xib */,
				8D1107310486CEB800E47090 /* InvasionInsanity-Info.plist */,
				5D2B464010957290002838BC /* MenuView.xib */,
			);
			name = Resources;
			sourceTree = "<group>";
		};
		29B97323FDCFA39411CA2CEA /* Frameworks */ = {
			isa = PBXGroup;
			children = (
				1DF5F4DF0D08C38300B7A737 /* UIKit.framework */,
				1D30AB110D05D00D00671497 /* Foundation.framework */,
				288765FC0DF74451002DB57D /* CoreGraphics.framework */,
				5D658ED010E315E600CCFDF9 /* QuartzCore.framework */,
			);
			name = Frameworks;
			sourceTree = "<group>";
		};
/* End PBXGroup section */

/* Begin PBXNativeTarget section */
		1D6058900D05DD3D006BFB54 /* InvasionInsanity */ = {
			isa = PBXNativeTarget;
			buildConfigurationList = 1D6058960D05DD3E006BFB54 /* Build configuration list for PBXNativeTarget "InvasionInsanity" */;
			buildPhases = (
				1D60588D0D05DD3D006BFB54 /* Resources */,
				1D60588E0D05DD3D006BFB54 /* Sources */,
				1D60588F0D05DD3D006BFB54 /* Frameworks */,
			);
			buildRules = (
			);
			dependencies = (
			);
			name = InvasionInsanity;
			productName = TheArena;
			productReference = 1D6058910D05DD3D006BFB54 /* InvasionInsanity.app */;
			productType = "com.apple.product-type.application";
		};
/* End PBXNativeTarget section */

/* Begin PBXProject section */
		29B97313FDCFA39411CA2CEA /* Project object */ = {
			isa = PBXProject;
			buildConfigurationList = C01FCF4E08A954540054247B /* Build configuration list for PBXProject "InvasionInsanity" */;
			compatibilityVersion = "Xcode 3.1";
			hasScannedForEncodings = 1;
			mainGroup = 29B97314FDCFA39411CA2CEA /* CustomTemplate */;
			projectDirPath = "";
			projectRoot = "";
			targets = (
				1D6058900D05DD3D006BFB54 /* InvasionInsanity */,
			);
		};
/* End PBXProject section */

/* Begin PBXResourcesBuildPhase section */
		1D60588D0D05DD3D006BFB54 /* Resources */ = {
			isa = PBXResourcesBuildPhase;
			buildActionMask = 2147483647;
			files = (
				28AD733F0D9D9553002E5188 /* MainWindow.xib in Resources */,
				5D2B464110957290002838BC /* MenuView.xib in Resources */,
				5DF17F7B1096CDE0001F48D7 /* player.png in Resources */,
				5D9499CD10982D6E002FED92 /* GameOverView.xib in Resources */,
				5D65904110E34DF300CCFDF9 /* hexes.png in Resources */,
			);
			runOnlyForDeploymentPostprocessing = 0;
		};
/* End PBXResourcesBuildPhase section */

/* Begin PBXSourcesBuildPhase section */
		1D60588E0D05DD3D006BFB54 /* Sources */ = {
			isa = PBXSourcesBuildPhase;
			buildActionMask = 2147483647;
			files = (
				1D60589B0D05DD56006BFB54 /* main.m in Sources */,
				1D3623260D0F684500981E51 /* InvasionInsanityAppDelegate.m in Sources */,
				5D2B45EF1094804F002838BC /* MenuViewController.m in Sources */,
				5DF17F691096CA3E001F48D7 /* GameViewController.m in Sources */,
				5DF17F771096CA97001F48D7 /* GameView.m in Sources */,
				5D9499CC10982D6E002FED92 /* GameOverViewController.m in Sources */,
				5D007A5010EC3E0E0056A16F /* Map.m in Sources */,
				5D007B0310EC50F90056A16F /* GamePiece.m in Sources */,
			);
			runOnlyForDeploymentPostprocessing = 0;
		};
/* End PBXSourcesBuildPhase section */

/* Begin XCBuildConfiguration section */
		1D6058940D05DD3E006BFB54 /* Debug */ = {
			isa = XCBuildConfiguration;
			buildSettings = {
				ALWAYS_SEARCH_USER_PATHS = NO;
				COPY_PHASE_STRIP = NO;
				GCC_DYNAMIC_NO_PIC = NO;
				GCC_OPTIMIZATION_LEVEL = 0;
				GCC_PRECOMPILE_PREFIX_HEADER = YES;
				GCC_PREFIX_HEADER = InvasionInsanity_Prefix.pch;
				INFOPLIST_FILE = "InvasionInsanity-Info.plist";
				PRODUCT_NAME = InvasionInsanity;
			};
			name = Debug;
		};
		1D6058950D05DD3E006BFB54 /* Release */ = {
			isa = XCBuildConfiguration;
			buildSettings = {
				ALWAYS_SEARCH_USER_PATHS = NO;
				COPY_PHASE_STRIP = YES;
				GCC_PRECOMPILE_PREFIX_HEADER = YES;
				GCC_PREFIX_HEADER = InvasionInsanity_Prefix.pch;
				INFOPLIST_FILE = "InvasionInsanity-Info.plist";
				PRODUCT_NAME = InvasionInsanity;
			};
			name = Release;
		};
		C01FCF4F08A954540054247B /* Debug */ = {
			isa = XCBuildConfiguration;
			buildSettings = {
				ARCHS = "$(ARCHS_STANDARD_32_BIT)";
				"CODE_SIGN_IDENTITY[sdk=iphoneos*]" = "iPhone Developer";
				GCC_C_LANGUAGE_STANDARD = c99;
				GCC_WARN_ABOUT_RETURN_TYPE = YES;
				GCC_WARN_UNUSED_VARIABLE = YES;
				PREBINDING = NO;
				SDKROOT = iphoneos3.1.2;
			};
			name = Debug;
		};
		C01FCF5008A954540054247B /* Release */ = {
			isa = XCBuildConfiguration;
			buildSettings = {
				ARCHS = "$(ARCHS_STANDARD_32_BIT)";
				"CODE_SIGN_IDENTITY[sdk=iphoneos*]" = "iPhone Developer";
				GCC_C_LANGUAGE_STANDARD = c99;
				GCC_WARN_ABOUT_RETURN_TYPE = YES;
				GCC_WARN_UNUSED_VARIABLE = YES;
				PREBINDING = NO;
				SDKROOT = iphoneos3.1.2;
			};
			name = Release;
		};
/* End XCBuildConfiguration section */

/* Begin XCConfigurationList section */
		1D6058960D05DD3E006BFB54 /* Build configuration list for PBXNativeTarget "InvasionInsanity" */ = {
			isa = XCConfigurationList;
			buildConfigurations = (
				1D6058940D05DD3E006BFB54 /* Debug */,
				1D6058950D05DD3E006BFB54 /* Release */,
			);
			defaultConfigurationIsVisible = 0;
			defaultConfigurationName = Release;
		};
		C01FCF4E08A954540054247B /* Build configuration list for PBXProject "InvasionInsanity" */ = {
			isa = XCConfigurationList;
			buildConfigurations = (
				C01FCF4F08A954540054247B /* Debug */,
				C01FCF5008A954540054247B /* Release */,
			);
			defaultConfigurationIsVisible = 0;
			defaultConfigurationName = Release;
		};
/* End XCConfigurationList section */
	};
	rootObject = 29B97313FDCFA39411CA2CEA /* Project object */;
}
